# THIS IS AN AUTOGENERATED FILE. DO NOT EDIT THIS FILE DIRECTLY.
# yarn lockfile v1


lefthook-windows-x64@2.0.15:
  version "2.0.15"

lefthook@^2.0.15:
  version "2.0.15"
  optionalDependencies:
    lefthook-darwin-arm64 "2.0.15"
    lefthook-darwin-x64 "2.0.15"
    lefthook-freebsd-arm64 "2.0.15"
    lefthook-freebsd-x64 "2.0.15"
    lefthook-linux-arm64 "2.0.15"
    lefthook-linux-x64 "2.0.15"
    lefthook-openbsd-arm64 "2.0.15"
    lefthook-openbsd-x64 "2.0.15"
    lefthook-windows-arm64 "2.0.15"
    lefthook-windows-x64 "2.0.15"

node-bin-setup@^1.0.0:
  version "1.1.4"
  resolved "https://registry.npmjs.org/node-bin-setup/-/node-bin-setup-1.1.4.tgz"
  integrity sha512-vWNHOne0ZUavArqPP5LJta50+S8R261Fr5SvGul37HbEDcowvLjwdvd0ZeSr0r2lTSrPxl6okq9QUw8BFGiAxA==

node@^25.8.1:
  version "25.8.1"
  resolved "https://registry.npmjs.org/node/-/node-25.8.1.tgz"
  integrity sha512-AG1iDDN7Uzku6rFQTjfrqZZRjur8YPkO73PnfDfoj5348DQmFACA8D4X8EhvO8ObIntENK5e/aVviy+sFsAbOA==
  dependencies:
    node-bin-setup "^1.0.0"
